
Microsoft Visual Studio Solution File, Format Version 12.00
# Visual Studio 15
VisualStudioVersion = 15.0.27703.2026
MinimumVisualStudioVersion = 10.0.40219.1
Project("{FAE04EC0-301F-11D3-BF4B-00C04F79EFBC}") = "Oven_AI", "Oven_AI\Oven_AI.csproj", "{D4DDEDB3-44E1-4EEF-A976-1EE44BD24B7A}"
EndProject
Global
	GlobalSection(SolutionConfigurationPlatforms) = preSolution
		Debug|Any CPU = Debug|Any CPU
		Release|Any CPU = Release|Any CPU
	EndGlobalSection
	GlobalSection(ProjectConfigurationPlatforms) = postSolution
		{D4DDEDB3-44E1-4EEF-A976-1EE44BD24B7A}.Debug|Any CPU.ActiveCfg = Debug|Any CPU
		{D4DDEDB3-44E1-4EEF-A976-1EE44BD24B7A}.Debug|Any CPU.Build.0 = Debug|Any CPU
		{D4DDEDB3-44E1-4EEF-A976-1EE44BD24B7A}.Release|Any CPU.ActiveCfg = Release|Any CPU
		{D4DDEDB3-44E1-4EEF-A976-1EE44BD24B7A}.Release|Any CPU.Build.0 = Release|Any CPU
	EndGlobalSection
	GlobalSection(SolutionProperties) = preSolution
		HideSolutionNode = FALSE
	EndGlobalSection
	GlobalSection(ExtensibilityGlobals) = postSolution
		SolutionGuid = {7DBA0251-AA64-4425-BDC4-E6622D2DAED8}
	EndGlobalSection
EndGlobal
